
Microsoft Visual Studio Solution File, Format Version 12.00
# Visual Studio 15
Project("{FAE04EC0-301F-11D3-BF4B-00C04F79EFBC}") = "BitSkinsBot", "BitSkinsBot\BitSkinsBot.csproj", "{107FB189-C0A7-40CB-9EAE-27707D31807E}"
EndProject
Project("{FAE04EC0-301F-11D3-BF4B-00C04F79EFBC}") = "TelegramBot", "TelegramBot\TelegramBot.csproj", "{7AB08FB5-3D20-458A-9D98-CED72206FDCC}"
EndProject
Global
	GlobalSection(SolutionConfigurationPlatforms) = preSolution
		Debug|Any CPU = Debug|Any CPU
		Release|Any CPU = Release|Any CPU
	EndGlobalSection
	GlobalSection(ProjectConfigurationPlatforms) = postSolution
		{107FB189-C0A7-40CB-9EAE-27707D31807E}.Debug|Any CPU.ActiveCfg = Debug|Any CPU
		{107FB189-C0A7-40CB-9EAE-27707D31807E}.Debug|Any CPU.Build.0 = Debug|Any CPU
		{107FB189-C0A7-40CB-9EAE-27707D31807E}.Release|Any CPU.ActiveCfg = Release|Any CPU
		{107FB189-C0A7-40CB-9EAE-27707D31807E}.Release|Any CPU.Build.0 = Release|Any CPU
		{7AB08FB5-3D20-458A-9D98-CED72206FDCC}.Debug|Any CPU.ActiveCfg = Debug|Any CPU
		{7AB08FB5-3D20-458A-9D98-CED72206FDCC}.Debug|Any CPU.Build.0 = Debug|Any CPU
		{7AB08FB5-3D20-458A-9D98-CED72206FDCC}.Release|Any CPU.ActiveCfg = Release|Any CPU
		{7AB08FB5-3D20-458A-9D98-CED72206FDCC}.Release|Any CPU.Build.0 = Release|Any CPU
	EndGlobalSection
EndGlobal
